// !$*UTF8*$!
{
	archiveVersion = 1;
	classes = {
	};
	objectVersion = 46;
	objects = {

/* Begin PBXBuildFile section */
		FC58EF5B1E3DCBF1007E980C /* AppDelegate.swift in Sources */ = {isa = PBXBuildFile; fileRef = FC58EF5A1E3DCBF1007E980C /* AppDelegate.swift */; };
		FC58EF5D1E3DCBF1007E980C /* ViewController.swift in Sources */ = {isa = PBXBuildFile; fileRef = FC58EF5C1E3DCBF1007E980C /* ViewController.swift */; };
		FC58EF601E3DCBF1007E980C /* Main.storyboard in Resources */ = {isa = PBXBuildFile; fileRef = FC58EF5E1E3DCBF1007E980C /* Main.storyboard */; };
		FC58EF621E3DCBF1007E980C /* Assets.xcassets in Resources */ = {isa = PBXBuildFile; fileRef = FC58EF611E3DCBF1007E980C /* Assets.xcassets */; };
		FC58EF651E3DCBF1007E980C /* LaunchScreen.storyboard in Resources */ = {isa = PBXBuildFile; fileRef = FC58EF631E3DCBF1007E980C /* LaunchScreen.storyboard */; };
/* End PBXBuildFile section */

/* Begin PBXFileReference section */
		FC58EF571E3DCBF1007E980C /* PartyRockApp.app */ = {isa = PBXFileReference; explicitFileType = wrapper.application; includeInIndex = 0; path = PartyRockApp.app; sourceTree = BUILT_PRODUCTS_DIR; };
		FC58EF5A1E3DCBF1007E980C /* AppDelegate.swift */ = {isa = PBXFileReference; lastKnownFileType = sourcecode.swift; path = AppDelegate.swift; sourceTree = "<group>"; };
		FC58EF5C1E3DCBF1007E980C /* ViewController.swift */ = {isa = PBXFileReference; lastKnownFileType = sourcecode.swift; path = ViewController.swift; sourceTree = "<group>"; };
		FC58EF5F1E3DCBF1007E980C /* Base */ = {isa = PBXFileReference; lastKnownFileType = file.storyboard; name = Base; path = Base.lproj/Main.storyboard; sourceTree = "<group>"; };
		FC58EF611E3DCBF1007E980C /* Assets.xcassets */ = {isa = PBXFileReference; lastKnownFileType = folder.assetcatalog; path = Assets.xcassets; sourceTree = "<group>"; };
		FC58EF641E3DCBF1007E980C /* Base */ = {isa = PBXFileReference; lastKnownFileType = file.storyboard; name = Base; path = Base.lproj/LaunchScreen.storyboard; sourceTree = "<group>"; };
		FC58EF661E3DCBF1007E980C /* Info.plist */ = {isa = PBXFileReference; lastKnownFileType = text.plist.xml; path = Info.plist; sourceTree = "<group>"; };
/* End PBXFileReference section */

/* Begin PBXFrameworksBuildPhase section */
		FC58EF541E3DCBF1007E980C /* Frameworks */ = {
			isa = PBXFrameworksBuildPhase;
			buildActionMask = 2147483647;
			files = (
			);
			runOnlyForDeploymentPostprocessing = 0;
		};
/* End PBXFrameworksBuildPhase section */

/* Begin PBXGroup section */
		FC58EF4E1E3DCBF1007E980C = {
			isa = PBXGroup;
			children = (
				FC58EF591E3DCBF1007E980C /* PartyRockApp */,
				FC58EF581E3DCBF1007E980C /* Products */,
			);
			sourceTree = "<group>";
		};
		FC58EF581E3DCBF1007E980C /* Products */ = {
			isa = PBXGroup;
			children = (
				FC58EF571E3DCBF1007E980C /* PartyRockApp.app */,
			);
			name = Products;
			sourceTree = "<group>";
		};
		FC58EF591E3DCBF1007E980C /* PartyRockApp */ = {
			isa = PBXGroup;
			children = (
				FC58EF5A1E3DCBF1007E980C /* AppDelegate.swift */,
				FC58EF5C1E3DCBF1007E980C /* ViewController.swift */,
				FC58EF5E1E3DCBF1007E980C /* Main.storyboard */,
				FC58EF611E3DCBF1007E980C /* Assets.xcassets */,
				FC58EF631E3DCBF1007E980C /* LaunchScreen.storyboard */,
				FC58EF661E3DCBF1007E980C /* Info.plist */,
			);
			path = PartyRockApp;
			sourceTree = "<group>";
		};
/* End PBXGroup section */

/* Begin PBXNativeTarget section */
		FC58EF561E3DCBF1007E980C /* PartyRockApp */ = {
			isa = PBXNativeTarget;
			buildConfigurationList = FC58EF691E3DCBF1007E980C /* Build configuration list for PBXNativeTarget "PartyRockApp" */;
			buildPhases = (
				FC58EF531E3DCBF1007E980C /* Sources */,
				FC58EF541E3DCBF1007E980C /* Frameworks */,
				FC58EF551E3DCBF1007E980C /* Resources */,
			);
			buildRules = (
			);
			dependencies = (
			);
			name = PartyRockApp;
			productName = PartyRockApp;
			productReference = FC58EF571E3DCBF1007E980C /* PartyRockApp.app */;
			productType = "com.apple.product-type.application";
		};
/* End PBXNativeTarget section */

/* Begin PBXProject section */
		FC58EF4F1E3DCBF1007E980C /* Project object */ = {
			isa = PBXProject;
			attributes = {
				LastSwiftUpdateCheck = 0800;
				LastUpgradeCheck = 0800;
				ORGANIZATIONNAME = SaiReddy;
				TargetAttributes = {
					FC58EF561E3DCBF1007E980C = {
						CreatedOnToolsVersion = 8.0;
						DevelopmentTeam = MJJC7HJE2R;
						ProvisioningStyle = Automatic;
					};
				};
			};
			buildConfigurationList = FC58EF521E3DCBF1007E980C /* Build configuration list for PBXProject "PartyRockApp" */;
			compatibilityVersion = "Xcode 3.2";
			developmentRegion = English;
			hasScannedForEncodings = 0;
			knownRegions = (
				en,
				Base,
			);
			mainGroup = FC58EF4E1E3DCBF1007E980C;
			productRefGroup = FC58EF581E3DCBF1007E980C /* Products */;
			projectDirPath = "";
			projectRoot = "";
			targets = (
				FC58EF561E3DCBF1007E980C /* PartyRockApp */,
			);
		};
/* End PBXProject section */

/* Begin PBXResourcesBuildPhase section */
		FC58EF551E3DCBF1007E980C /* Resources */ = {
			isa = PBXResourcesBuildPhase;
			buildActionMask = 2147483647;
			files = (
				FC58EF651E3DCBF1007E980C /* LaunchScreen.storyboard in Resources */,
				FC58EF621E3DCBF1007E980C /* Assets.xcassets in Resources */,
				FC58EF601E3DCBF1007E980C /* Main.storyboard in Resources */,
			);
			runOnlyForDeploymentPostprocessing = 0;
		};
/* End PBXResourcesBuildPhase section */

/* Begin PBXSourcesBuildPhase section */
		FC58EF531E3DCBF1007E980C /* Sources */ = {
			isa = PBXSourcesBuildPhase;
			buildActionMask = 2147483647;
			files = (
				FC58EF5D1E3DCBF1007E980C /* ViewController.swift in Sources */,
				FC58EF5B1E3DCBF1007E980C /* AppDelegate.swift in Sources */,
			);
			runOnlyForDeploymentPostprocessing = 0;
		};
/* End PBXSourcesBuildPhase section */

/* Begin PBXVariantGroup section */
		FC58EF5E1E3DCBF1007E980C /* Main.storyboard */ = {
			isa = PBXVariantGroup;
			children = (
				FC58EF5F1E3DCBF1007E980C /* Base */,
			);
			name = Main.storyboard;
			sourceTree = "<group>";
		};
		FC58EF631E3DCBF1007E980C /* LaunchScreen.storyboard */ = {
			isa = PBXVariantGroup;
			children = (
				FC58EF641E3DCBF1007E980C /* Base */,
			);
			name = LaunchScreen.storyboard;
			sourceTree = "<group>";
		};
/* End PBXVariantGroup section */

/* Begin XCBuildConfiguration section */
		FC58EF671E3DCBF1007E980C /* Debug */ = {
			isa = XCBuildConfiguration;
			buildSettings = {
				ALWAYS_SEARCH_USER_PATHS = NO;
				CLANG_ANALYZER_NONNULL = YES;
				CLANG_CXX_LANGUAGE_STANDARD = "gnu++0x";
				CLANG_CXX_LIBRARY = "libc++";
				CLANG_ENABLE_MODULES = YES;
				CLANG_ENABLE_OBJC_ARC = YES;
				CLANG_WARN_BOOL_CONVERSION = YES;
				CLANG_WARN_CONSTANT_CONVERSION = YES;
				CLANG_WARN_DIRECT_OBJC_ISA_USAGE = YES_ERROR;
				CLANG_WARN_DOCUMENTATION_COMMENTS = YES;
				CLANG_WARN_EMPTY_BODY = YES;
				CLANG_WARN_ENUM_CONVERSION = YES;
				CLANG_WARN_INFINITE_RECURSION = YES;
				CLANG_WARN_INT_CONVERSION = YES;
				CLANG_WARN_OBJC_ROOT_CLASS = YES_ERROR;
				CLANG_WARN_SUSPICIOUS_MOVES = YES;
				CLANG_WARN_UNREACHABLE_CODE = YES;
				CLANG_WARN__DUPLICATE_METHOD_MATCH = YES;
				"CODE_SIGN_IDENTITY[sdk=iphoneos*]" = "iPhone Developer";
				COPY_PHASE_STRIP = NO;
				DEBUG_INFORMATION_FORMAT = dwarf;
				ENABLE_STRICT_OBJC_MSGSEND = YES;
				ENABLE_TESTABILITY = YES;
				GCC_C_LANGUAGE_STANDARD = gnu99;
				GCC_DYNAMIC_NO_PIC = NO;
				GCC_NO_COMMON_BLOCKS = YES;
				GCC_OPTIMIZATION_LEVEL = 0;
				GCC_PREPROCESSOR_DEFINITIONS = (
					"DEBUG=1",
					"$(inherited)",
				);
				GCC_WARN_64_TO_32_BIT_CONVERSION = YES;
				GCC_WARN_ABOUT_RETURN_TYPE = YES_ERROR;
				GCC_WARN_UNDECLARED_SELECTOR = YES;
				GCC_WARN_UNINITIALIZED_AUTOS = YES_AGGRESSIVE;
				GCC_WARN_UNUSED_FUNCTION = YES;
				GCC_WARN_UNUSED_VARIABLE = YES;
				IPHONEOS_DEPLOYMENT_TARGET = 10.0;
				MTL_ENABLE_DEBUG_INFO = YES;
				ONLY_ACTIVE_ARCH = YES;
				SDKROOT = iphoneos;
				SWIFT_ACTIVE_COMPILATION_CONDITIONS = DEBUG;
				SWIFT_OPTIMIZATION_LEVEL = "-Onone";
				TARGETED_DEVICE_FAMILY = "1,2";
			};
			name = Debug;
		};
		FC58EF681E3DCBF1007E980C /* Release */ = {
			isa = XCBuildConfiguration;
			buildSettings = {
				ALWAYS_SEARCH_USER_PATHS = NO;
				CLANG_ANALYZER_NONNULL = YES;
				CLANG_CXX_LANGUAGE_STANDARD = "gnu++0x";
				CLANG_CXX_LIBRARY = "libc++";
				CLANG_ENABLE_MODULES = YES;
				CLANG_ENABLE_OBJC_ARC = YES;
				CLANG_WARN_BOOL_CONVERSION = YES;
				CLANG_WARN_CONSTANT_CONVERSION = YES;
				CLANG_WARN_DIRECT_OBJC_ISA_USAGE = YES_ERROR;
				CLANG_WARN_DOCUMENTATION_COMMENTS = YES;
				CLANG_WARN_EMPTY_BODY = YES;
				CLANG_WARN_ENUM_CONVERSION = YES;
				CLANG_WARN_INFINITE_RECURSION = YES;
				CLANG_WARN_INT_CONVERSION = YES;
				CLANG_WARN_OBJC_ROOT_CLASS = YES_ERROR;
				CLANG_WARN_SUSPICIOUS_MOVES = YES;
				CLANG_WARN_UNREACHABLE_CODE = YES;
				CLANG_WARN__DUPLICATE_METHOD_MATCH = YES;
				"CODE_SIGN_IDENTITY[sdk=iphoneos*]" = "iPhone Developer";
				COPY_PHASE_STRIP = NO;
				DEBUG_INFORMATION_FORMAT = "dwarf-with-dsym";
				ENABLE_NS_ASSERTIONS = NO;
				ENABLE_STRICT_OBJC_MSGSEND = YES;
				GCC_C_LANGUAGE_STANDARD = gnu99;
				GCC_NO_COMMON_BLOCKS = YES;
				GCC_WARN_64_TO_32_BIT_CONVERSION = YES;
				GCC_WARN_ABOUT_RETURN_TYPE = YES_ERROR;
				GCC_WARN_UNDECLARED_SELECTOR = YES;
				GCC_WARN_UNINITIALIZED_AUTOS = YES_AGGRESSIVE;
				GCC_WARN_UNUSED_FUNCTION = YES;
				GCC_WARN_UNUSED_VARIABLE = YES;
				IPHONEOS_DEPLOYMENT_TARGET = 10.0;
				MTL_ENABLE_DEBUG_INFO = NO;
				SDKROOT = iphoneos;
				SWIFT_OPTIMIZATION_LEVEL = "-Owholemodule";
				TARGETED_DEVICE_FAMILY = "1,2";
				VALIDATE_PRODUCT = YES;
			};
			name = Release;
		};
		FC58EF6A1E3DCBF1007E980C /* Debug */ = {
			isa = XCBuildConfiguration;
			buildSettings = {
				ASSETCATALOG_COMPILER_APPICON_NAME = AppIcon;
				DEVELOPMENT_TEAM = MJJC7HJE2R;
				INFOPLIST_FILE = PartyRockApp/Info.plist;
				LD_RUNPATH_SEARCH_PATHS = "$(inherited) @executable_path/Frameworks";
				PRODUCT_BUNDLE_IDENTIFIER = com.Saireddy.PartyRockApp;
				PRODUCT_NAME = "$(TARGET_NAME)";
				SWIFT_VERSION = 3.0;
			};
			name = Debug;
		};
		FC58EF6B1E3DCBF1007E980C /* Release */ = {
			isa = XCBuildConfiguration;
			buildSettings = {
				ASSETCATALOG_COMPILER_APPICON_NAME = AppIcon;
				DEVELOPMENT_TEAM = MJJC7HJE2R;
				INFOPLIST_FILE = PartyRockApp/Info.plist;
				LD_RUNPATH_SEARCH_PATHS = "$(inherited) @executable_path/Frameworks";
				PRODUCT_BUNDLE_IDENTIFIER = com.Saireddy.PartyRockApp;
				PRODUCT_NAME = "$(TARGET_NAME)";
				SWIFT_VERSION = 3.0;
			};
			name = Release;
		};
/* End XCBuildConfiguration section */

/* Begin XCConfigurationList section */
		FC58EF521E3DCBF1007E980C /* Build configuration list for PBXProject "PartyRockApp" */ = {
			isa = XCConfigurationList;
			buildConfigurations = (
				FC58EF671E3DCBF1007E980C /* Debug */,
				FC58EF681E3DCBF1007E980C /* Release */,
			);
			defaultConfigurationIsVisible = 0;
			defaultConfigurationName = Release;
		};
		FC58EF691E3DCBF1007E980C /* Build configuration list for PBXNativeTarget "PartyRockApp" */ = {
			isa = XCConfigurationList;
			buildConfigurations = (
				FC58EF6A1E3DCBF1007E980C /* Debug */,
				FC58EF6B1E3DCBF1007E980C /* Release */,
			);
			defaultConfigurationIsVisible = 0;
		};
/* End XCConfigurationList section */
	};
	rootObject = FC58EF4F1E3DCBF1007E980C /* Project object */;
}
